
Microsoft Visual Studio Solution File, Format Version 12.00
# Visual Studio 15
VisualStudioVersion = 15.0.28010.2026
MinimumVisualStudioVersion = 10.0.40219.1
Project("{FAE04EC0-301F-11D3-BF4B-00C04F79EFBC}") = "ReadyForANap", "ReadyForANap\ReadyForANap.csproj", "{04D12332-BB32-4DB9-B306-CB467D4E7715}"
EndProject
Global
	GlobalSection(SolutionConfigurationPlatforms) = preSolution
		Debug|Any CPU = Debug|Any CPU
		Release|Any CPU = Release|Any CPU
	EndGlobalSection
	GlobalSection(ProjectConfigurationPlatforms) = postSolution
		{04D12332-BB32-4DB9-B306-CB467D4E7715}.Debug|Any CPU.ActiveCfg = Debug|Any CPU
		{04D12332-BB32-4DB9-B306-CB467D4E7715}.Debug|Any CPU.Build.0 = Debug|Any CPU
		{04D12332-BB32-4DB9-B306-CB467D4E7715}.Release|Any CPU.ActiveCfg = Release|Any CPU
		{04D12332-BB32-4DB9-B306-CB467D4E7715}.Release|Any CPU.Build.0 = Release|Any CPU
	EndGlobalSection
	GlobalSection(SolutionProperties) = preSolution
		HideSolutionNode = FALSE
	EndGlobalSection
	GlobalSection(ExtensibilityGlobals) = postSolution
		SolutionGuid = {4F224F13-4488-4F2E-934E-C573512296FA}
	EndGlobalSection
EndGlobal
